
Microsoft Visual Studio Solution File, Format Version 12.00
# Visual Studio Version 17
VisualStudioVersion = 17.9.34616.47
MinimumVisualStudioVersion = 10.0.40219.1
Project("{FAE04EC0-301F-11D3-BF4B-00C04F79EFBC}") = "IntegerToRoman", "IntegerToRoman\IntegerToRoman.csproj", "{D2D11A96-7360-4299-8BD3-9DAD6E09043B}"
EndProject
Project("{FAE04EC0-301F-11D3-BF4B-00C04F79EFBC}") = "IntegerToRomanTest", "IntegerToRomanTest\IntegerToRomanTest.csproj", "{057ABCE7-A280-450A-87D3-35E2377D2AE7}"
EndProject
Global
	GlobalSection(SolutionConfigurationPlatforms) = preSolution
		Debug|Any CPU = Debug|Any CPU
		Release|Any CPU = Release|Any CPU
	EndGlobalSection
	GlobalSection(ProjectConfigurationPlatforms) = postSolution
		{D2D11A96-7360-4299-8BD3-9DAD6E09043B}.Debug|Any CPU.ActiveCfg = Debug|Any CPU
		{D2D11A96-7360-4299-8BD3-9DAD6E09043B}.Debug|Any CPU.Build.0 = Debug|Any CPU
		{D2D11A96-7360-4299-8BD3-9DAD6E09043B}.Release|Any CPU.ActiveCfg = Release|Any CPU
		{D2D11A96-7360-4299-8BD3-9DAD6E09043B}.Release|Any CPU.Build.0 = Release|Any CPU
		{057ABCE7-A280-450A-87D3-35E2377D2AE7}.Debug|Any CPU.ActiveCfg = Debug|Any CPU
		{057ABCE7-A280-450A-87D3-35E2377D2AE7}.Debug|Any CPU.Build.0 = Debug|Any CPU
		{057ABCE7-A280-450A-87D3-35E2377D2AE7}.Release|Any CPU.ActiveCfg = Release|Any CPU
		{057ABCE7-A280-450A-87D3-35E2377D2AE7}.Release|Any CPU.Build.0 = Release|Any CPU
	EndGlobalSection
	GlobalSection(SolutionProperties) = preSolution
		HideSolutionNode = FALSE
	EndGlobalSection
	GlobalSection(ExtensibilityGlobals) = postSolution
		SolutionGuid = {872B8828-0702-44D9-BCE0-6733176078A6}
	EndGlobalSection
EndGlobal
